
Microsoft Visual Studio Solution File, Format Version 12.00
# Visual Studio Version 16
VisualStudioVersion = 16.0.32802.440
MinimumVisualStudioVersion = 10.0.40219.1
Project("{888888A0-9F3D-457C-B088-3A5042F75D52}") = "calcul", "calcul.pyproj", "{869C235E-11E7-4B98-AAFC-1785120CDEE5}"
EndProject
Global
	GlobalSection(SolutionConfigurationPlatforms) = preSolution
		Debug|Any CPU = Debug|Any CPU
		Release|Any CPU = Release|Any CPU
	EndGlobalSection
	GlobalSection(ProjectConfigurationPlatforms) = postSolution
		{869C235E-11E7-4B98-AAFC-1785120CDEE5}.Debug|Any CPU.ActiveCfg = Debug|Any CPU
		{869C235E-11E7-4B98-AAFC-1785120CDEE5}.Release|Any CPU.ActiveCfg = Release|Any CPU
	EndGlobalSection
	GlobalSection(SolutionProperties) = preSolution
		HideSolutionNode = FALSE
	EndGlobalSection
	GlobalSection(ExtensibilityGlobals) = postSolution
		SolutionGuid = {FDE5A97A-7AE5-4D67-B18D-44515B2BCDD9}
	EndGlobalSection
EndGlobal
